// !$*UTF8*$!
{
	archiveVersion = 1;
	classes = {
	};
	objectVersion = 46;
	objects = {

/* Begin PBXBuildFile section */
		1063E2E6E74A2CCA144E8C1E /* Pods_Guidee.framework in Frameworks */ = {isa = PBXBuildFile; fileRef = D6B92959C20F898448EA6153 /* Pods_Guidee.framework */; };
		1B03A3FE1DC15DD2002AF1F1 /* GoogleService-Info.plist in Resources */ = {isa = PBXBuildFile; fileRef = 1B03A3FD1DC15DD2002AF1F1 /* GoogleService-Info.plist */; };
		1B1EF3F91DC4A0B600CF99A4 /* DataController.swift in Sources */ = {isa = PBXBuildFile; fileRef = 1B1EF3F81DC4A0B600CF99A4 /* DataController.swift */; };
		1B23C9971DBA94A6004783A8 /* ExploreHeaderView.swift in Sources */ = {isa = PBXBuildFile; fileRef = 1B23C9961DBA94A6004783A8 /* ExploreHeaderView.swift */; };
		1B6665121DC88A7100C13823 /* ProfileCellNode.swift in Sources */ = {isa = PBXBuildFile; fileRef = 1B6665111DC88A7100C13823 /* ProfileCellNode.swift */; };
		1B6665141DC88FD600C13823 /* JourneyCellContainerNode.swift in Sources */ = {isa = PBXBuildFile; fileRef = 1B6665131DC88FD600C13823 /* JourneyCellContainerNode.swift */; };
		1B6665161DC88FF500C13823 /* JourneyCellNode.swift in Sources */ = {isa = PBXBuildFile; fileRef = 1B6665151DC88FF500C13823 /* JourneyCellNode.swift */; };
		1B6665181DC8A10400C13823 /* UserInfoModel.swift in Sources */ = {isa = PBXBuildFile; fileRef = 1B6665171DC8A10400C13823 /* UserInfoModel.swift */; };
		1B6A54C91DC8F6F10072CD83 /* FollowsContainerCell.swift in Sources */ = {isa = PBXBuildFile; fileRef = 1B6A54C81DC8F6F10072CD83 /* FollowsContainerCell.swift */; };
		1B6A54CB1DC8F7010072CD83 /* FollowCellNode.swift in Sources */ = {isa = PBXBuildFile; fileRef = 1B6A54CA1DC8F7010072CD83 /* FollowCellNode.swift */; };
		1B79E11C1DCBCDF500460066 /* JourneyEditorViewController.swift in Sources */ = {isa = PBXBuildFile; fileRef = 1B79E11B1DCBCDF500460066 /* JourneyEditorViewController.swift */; };
		1BBAF9DA1DB6BFFE00379004 /* GuideAnnotation.swift in Sources */ = {isa = PBXBuildFile; fileRef = 1BBAF9D91DB6BFFE00379004 /* GuideAnnotation.swift */; };
		1BBAF9E31DB7FF7D00379004 /* CircleAnnotationView.swift in Sources */ = {isa = PBXBuildFile; fileRef = 1BBAF9E21DB7FF7D00379004 /* CircleAnnotationView.swift */; };
		1BBAF9E51DB8124300379004 /* PinCalloutView.swift in Sources */ = {isa = PBXBuildFile; fileRef = 1BBAF9E41DB8124300379004 /* PinCalloutView.swift */; };
		1BDF50BD1DCFA0950003D566 /* EditTextViewController.swift in Sources */ = {isa = PBXBuildFile; fileRef = 1BDF50BC1DCFA0950003D566 /* EditTextViewController.swift */; };
		1BDF50BF1DCFA1C40003D566 /* EditTextHeaderView.swift in Sources */ = {isa = PBXBuildFile; fileRef = 1BDF50BE1DCFA1C40003D566 /* EditTextHeaderView.swift */; };
		1BDF50C11DCFACD50003D566 /* JourneyEditorHeaderView.swift in Sources */ = {isa = PBXBuildFile; fileRef = 1BDF50C01DCFACD50003D566 /* JourneyEditorHeaderView.swift */; };
		1BE287D71DB3A84D005A0C59 /* AppDelegate.swift in Sources */ = {isa = PBXBuildFile; fileRef = 1BE287D61DB3A84D005A0C59 /* AppDelegate.swift */; };
		1BE287D91DB3A84D005A0C59 /* ExploreViewController.swift in Sources */ = {isa = PBXBuildFile; fileRef = 1BE287D81DB3A84D005A0C59 /* ExploreViewController.swift */; };
		1BE287DB1DB3A84D005A0C59 /* ProfileViewController.swift in Sources */ = {isa = PBXBuildFile; fileRef = 1BE287DA1DB3A84D005A0C59 /* ProfileViewController.swift */; };
		1BE287DE1DB3A84D005A0C59 /* Main.storyboard in Resources */ = {isa = PBXBuildFile; fileRef = 1BE287DC1DB3A84D005A0C59 /* Main.storyboard */; };
		1BE287E01DB3A84D005A0C59 /* Assets.xcassets in Resources */ = {isa = PBXBuildFile; fileRef = 1BE287DF1DB3A84D005A0C59 /* Assets.xcassets */; };
		1BE287E31DB3A84D005A0C59 /* LaunchScreen.storyboard in Resources */ = {isa = PBXBuildFile; fileRef = 1BE287E11DB3A84D005A0C59 /* LaunchScreen.storyboard */; };
		1BE287EE1DB3A84D005A0C59 /* GuideeTests.swift in Sources */ = {isa = PBXBuildFile; fileRef = 1BE287ED1DB3A84D005A0C59 /* GuideeTests.swift */; };
		1BE287FB1DB3B000005A0C59 /* GuideEventDetailsViewController.swift in Sources */ = {isa = PBXBuildFile; fileRef = 1BE287FA1DB3B000005A0C59 /* GuideEventDetailsViewController.swift */; };
		1BE287FD1DB3B7E0005A0C59 /* GuideEventHeaderView.swift in Sources */ = {isa = PBXBuildFile; fileRef = 1BE287FC1DB3B7E0005A0C59 /* GuideEventHeaderView.swift */; };
		1BE288001DB3CE2C005A0C59 /* SectionHeaderNode.swift in Sources */ = {isa = PBXBuildFile; fileRef = 1BE287FF1DB3CE2C005A0C59 /* SectionHeaderNode.swift */; };
		1BE288031DB3D60D005A0C59 /* TextStyles.swift in Sources */ = {isa = PBXBuildFile; fileRef = 1BE288021DB3D60D005A0C59 /* TextStyles.swift */; };
		1BE288051DB3D8BD005A0C59 /* GuideEventSummaryTextNode.swift in Sources */ = {isa = PBXBuildFile; fileRef = 1BE288041DB3D8BD005A0C59 /* GuideEventSummaryTextNode.swift */; };
		1BE288071DB3DB60005A0C59 /* CarouselCellNode.swift in Sources */ = {isa = PBXBuildFile; fileRef = 1BE288061DB3DB60005A0C59 /* CarouselCellNode.swift */; };
		1BE2880A1DB3DBA1005A0C59 /* CarouselItemModel.swift in Sources */ = {isa = PBXBuildFile; fileRef = 1BE288091DB3DBA1005A0C59 /* CarouselItemModel.swift */; };
		1BE2880C1DB3E039005A0C59 /* ImageItemNode.swift in Sources */ = {isa = PBXBuildFile; fileRef = 1BE2880B1DB3E039005A0C59 /* ImageItemNode.swift */; };
		1BE2880E1DB41A96005A0C59 /* AdvertNode.swift in Sources */ = {isa = PBXBuildFile; fileRef = 1BE2880D1DB41A96005A0C59 /* AdvertNode.swift */; };
		1BE288101DB56DC3005A0C59 /* GuideHomeViewController.swift in Sources */ = {isa = PBXBuildFile; fileRef = 1BE2880F1DB56DC3005A0C59 /* GuideHomeViewController.swift */; };
		1BE288121DB57078005A0C59 /* GuideBaseModel.swift in Sources */ = {isa = PBXBuildFile; fileRef = 1BE288111DB57078005A0C59 /* GuideBaseModel.swift */; };
		1BE288141DB570FE005A0C59 /* GuideEventDetailModel.swift in Sources */ = {isa = PBXBuildFile; fileRef = 1BE288131DB570FE005A0C59 /* GuideEventDetailModel.swift */; };
		1BE288161DB5739F005A0C59 /* GuideHeaderView.swift in Sources */ = {isa = PBXBuildFile; fileRef = 1BE288151DB5739F005A0C59 /* GuideHeaderView.swift */; };
		1BE288181DB57955005A0C59 /* GuideSummaryNode.swift in Sources */ = {isa = PBXBuildFile; fileRef = 1BE288171DB57955005A0C59 /* GuideSummaryNode.swift */; };
		1BE2881A1DB5799B005A0C59 /* GuideHeaderCellNode.swift in Sources */ = {isa = PBXBuildFile; fileRef = 1BE288191DB5799B005A0C59 /* GuideHeaderCellNode.swift */; };
		1BE2881C1DB583E0005A0C59 /* EventCellNode.swift in Sources */ = {isa = PBXBuildFile; fileRef = 1BE2881B1DB583DF005A0C59 /* EventCellNode.swift */; };
		1BE2881E1DB5853A005A0C59 /* EventSubCellNode.swift in Sources */ = {isa = PBXBuildFile; fileRef = 1BE2881D1DB5853A005A0C59 /* EventSubCellNode.swift */; };
		1BE607ED1DB8335C0084CA9C /* CustomMapView.swift in Sources */ = {isa = PBXBuildFile; fileRef = 1BE607EC1DB8335C0084CA9C /* CustomMapView.swift */; };
		F3DE0D7BFB89F40498CC2137 /* Pods_GuideeTests.framework in Frameworks */ = {isa = PBXBuildFile; fileRef = ED61F040C8E3E8084E208ED5 /* Pods_GuideeTests.framework */; };
/* End PBXBuildFile section */

/* Begin PBXContainerItemProxy section */
		1BE287EA1DB3A84D005A0C59 /* PBXContainerItemProxy */ = {
			isa = PBXContainerItemProxy;
			containerPortal = 1BE287CB1DB3A84D005A0C59 /* Project object */;
			proxyType = 1;
			remoteGlobalIDString = 1BE287D21DB3A84D005A0C59;
			remoteInfo = Guidee;
		};
/* End PBXContainerItemProxy section */

/* Begin PBXFileReference section */
		0890909C25DA96DB5120F155 /* Pods-GuideeTests.debug.xcconfig */ = {isa = PBXFileReference; includeInIndex = 1; lastKnownFileType = text.xcconfig; name = "Pods-GuideeTests.debug.xcconfig"; path = "Pods/Target Support Files/Pods-GuideeTests/Pods-GuideeTests.debug.xcconfig"; sourceTree = "<group>"; };
		1B03A3FD1DC15DD2002AF1F1 /* GoogleService-Info.plist */ = {isa = PBXFileReference; fileEncoding = 4; lastKnownFileType = text.plist.xml; path = "GoogleService-Info.plist"; sourceTree = "<group>"; };
		1B1EF3F81DC4A0B600CF99A4 /* DataController.swift */ = {isa = PBXFileReference; fileEncoding = 4; lastKnownFileType = sourcecode.swift; name = DataController.swift; path = Utilities/DataController.swift; sourceTree = "<group>"; };
		1B23C9961DBA94A6004783A8 /* ExploreHeaderView.swift */ = {isa = PBXFileReference; fileEncoding = 4; lastKnownFileType = sourcecode.swift; name = ExploreHeaderView.swift; path = Views/ExploreHeaderView.swift; sourceTree = "<group>"; };
		1B6665111DC88A7100C13823 /* ProfileCellNode.swift */ = {isa = PBXFileReference; fileEncoding = 4; lastKnownFileType = sourcecode.swift; name = ProfileCellNode.swift; path = Nodes/ProfileCellNode.swift; sourceTree = "<group>"; };
		1B6665131DC88FD600C13823 /* JourneyCellContainerNode.swift */ = {isa = PBXFileReference; fileEncoding = 4; lastKnownFileType = sourcecode.swift; name = JourneyCellContainerNode.swift; path = Nodes/JourneyCellContainerNode.swift; sourceTree = "<group>"; };
		1B6665151DC88FF500C13823 /* JourneyCellNode.swift */ = {isa = PBXFileReference; fileEncoding = 4; lastKnownFileType = sourcecode.swift; name = JourneyCellNode.swift; path = Nodes/JourneyCellNode.swift; sourceTree = "<group>"; };
		1B6665171DC8A10400C13823 /* UserInfoModel.swift */ = {isa = PBXFileReference; fileEncoding = 4; lastKnownFileType = sourcecode.swift; name = UserInfoModel.swift; path = Models/UserInfoModel.swift; sourceTree = "<group>"; };
		1B6A54C81DC8F6F10072CD83 /* FollowsContainerCell.swift */ = {isa = PBXFileReference; fileEncoding = 4; lastKnownFileType = sourcecode.swift; name = FollowsContainerCell.swift; path = Nodes/FollowsContainerCell.swift; sourceTree = "<group>"; };
		1B6A54CA1DC8F7010072CD83 /* FollowCellNode.swift */ = {isa = PBXFileReference; fileEncoding = 4; lastKnownFileType = sourcecode.swift; name = FollowCellNode.swift; path = Nodes/FollowCellNode.swift; sourceTree = "<group>"; };
		1B79E11B1DCBCDF500460066 /* JourneyEditorViewController.swift */ = {isa = PBXFileReference; fileEncoding = 4; lastKnownFileType = sourcecode.swift; path = JourneyEditorViewController.swift; sourceTree = "<group>"; };
		1BBAF9D91DB6BFFE00379004 /* GuideAnnotation.swift */ = {isa = PBXFileReference; fileEncoding = 4; lastKnownFileType = sourcecode.swift; name = GuideAnnotation.swift; path = Views/GuideAnnotation.swift; sourceTree = "<group>"; };
		1BBAF9E21DB7FF7D00379004 /* CircleAnnotationView.swift */ = {isa = PBXFileReference; fileEncoding = 4; lastKnownFileType = sourcecode.swift; name = CircleAnnotationView.swift; path = Views/CircleAnnotationView.swift; sourceTree = "<group>"; };
		1BBAF9E41DB8124300379004 /* PinCalloutView.swift */ = {isa = PBXFileReference; fileEncoding = 4; lastKnownFileType = sourcecode.swift; name = PinCalloutView.swift; path = Views/PinCalloutView.swift; sourceTree = "<group>"; };
		1BDF50BC1DCFA0950003D566 /* EditTextViewController.swift */ = {isa = PBXFileReference; fileEncoding = 4; lastKnownFileType = sourcecode.swift; path = EditTextViewController.swift; sourceTree = "<group>"; };
		1BDF50BE1DCFA1C40003D566 /* EditTextHeaderView.swift */ = {isa = PBXFileReference; fileEncoding = 4; lastKnownFileType = sourcecode.swift; name = EditTextHeaderView.swift; path = Views/EditTextHeaderView.swift; sourceTree = "<group>"; };
		1BDF50C01DCFACD50003D566 /* JourneyEditorHeaderView.swift */ = {isa = PBXFileReference; fileEncoding = 4; lastKnownFileType = sourcecode.swift; name = JourneyEditorHeaderView.swift; path = Views/JourneyEditorHeaderView.swift; sourceTree = "<group>"; };
		1BE287D31DB3A84D005A0C59 /* Guidee.app */ = {isa = PBXFileReference; explicitFileType = wrapper.application; includeInIndex = 0; path = Guidee.app; sourceTree = BUILT_PRODUCTS_DIR; };
		1BE287D61DB3A84D005A0C59 /* AppDelegate.swift */ = {isa = PBXFileReference; lastKnownFileType = sourcecode.swift; path = AppDelegate.swift; sourceTree = "<group>"; };
		1BE287D81DB3A84D005A0C59 /* ExploreViewController.swift */ = {isa = PBXFileReference; lastKnownFileType = sourcecode.swift; path = ExploreViewController.swift; sourceTree = "<group>"; };
		1BE287DA1DB3A84D005A0C59 /* ProfileViewController.swift */ = {isa = PBXFileReference; lastKnownFileType = sourcecode.swift; path = ProfileViewController.swift; sourceTree = "<group>"; };
		1BE287DD1DB3A84D005A0C59 /* Base */ = {isa = PBXFileReference; lastKnownFileType = file.storyboard; name = Base; path = Base.lproj/Main.storyboard; sourceTree = "<group>"; };
		1BE287DF1DB3A84D005A0C59 /* Assets.xcassets */ = {isa = PBXFileReference; lastKnownFileType = folder.assetcatalog; path = Assets.xcassets; sourceTree = "<group>"; };
		1BE287E21DB3A84D005A0C59 /* Base */ = {isa = PBXFileReference; lastKnownFileType = file.storyboard; name = Base; path = Base.lproj/LaunchScreen.storyboard; sourceTree = "<group>"; };
		1BE287E41DB3A84D005A0C59 /* Info.plist */ = {isa = PBXFileReference; lastKnownFileType = text.plist.xml; path = Info.plist; sourceTree = "<group>"; };
		1BE287E91DB3A84D005A0C59 /* GuideeTests.xctest */ = {isa = PBXFileReference; explicitFileType = wrapper.cfbundle; includeInIndex = 0; path = GuideeTests.xctest; sourceTree = BUILT_PRODUCTS_DIR; };
		1BE287ED1DB3A84D005A0C59 /* GuideeTests.swift */ = {isa = PBXFileReference; lastKnownFileType = sourcecode.swift; path = GuideeTests.swift; sourceTree = "<group>"; };
		1BE287EF1DB3A84D005A0C59 /* Info.plist */ = {isa = PBXFileReference; lastKnownFileType = text.plist.xml; path = Info.plist; sourceTree = "<group>"; };
		1BE287FA1DB3B000005A0C59 /* GuideEventDetailsViewController.swift */ = {isa = PBXFileReference; fileEncoding = 4; lastKnownFileType = sourcecode.swift; name = GuideEventDetailsViewController.swift; path = Views/GuideEventDetailsViewController.swift; sourceTree = "<group>"; };
		1BE287FC1DB3B7E0005A0C59 /* GuideEventHeaderView.swift */ = {isa = PBXFileReference; fileEncoding = 4; lastKnownFileType = sourcecode.swift; name = GuideEventHeaderView.swift; path = Views/GuideEventHeaderView.swift; sourceTree = "<group>"; };
		1BE287FF1DB3CE2C005A0C59 /* SectionHeaderNode.swift */ = {isa = PBXFileReference; fileEncoding = 4; lastKnownFileType = sourcecode.swift; name = SectionHeaderNode.swift; path = Nodes/SectionHeaderNode.swift; sourceTree = "<group>"; };
		1BE288021DB3D60D005A0C59 /* TextStyles.swift */ = {isa = PBXFileReference; fileEncoding = 4; lastKnownFileType = sourcecode.swift; name = TextStyles.swift; path = Utilities/TextStyles.swift; sourceTree = "<group>"; };
		1BE288041DB3D8BD005A0C59 /* GuideEventSummaryTextNode.swift */ = {isa = PBXFileReference; fileEncoding = 4; lastKnownFileType = sourcecode.swift; name = GuideEventSummaryTextNode.swift; path = Nodes/GuideEventSummaryTextNode.swift; sourceTree = "<group>"; };
		1BE288061DB3DB60005A0C59 /* CarouselCellNode.swift */ = {isa = PBXFileReference; fileEncoding = 4; lastKnownFileType = sourcecode.swift; name = CarouselCellNode.swift; path = Nodes/CarouselCellNode.swift; sourceTree = "<group>"; };
		1BE288091DB3DBA1005A0C59 /* CarouselItemModel.swift */ = {isa = PBXFileReference; fileEncoding = 4; lastKnownFileType = sourcecode.swift; name = CarouselItemModel.swift; path = Models/CarouselItemModel.swift; sourceTree = "<group>"; };
		1BE2880B1DB3E039005A0C59 /* ImageItemNode.swift */ = {isa = PBXFileReference; fileEncoding = 4; lastKnownFileType = sourcecode.swift; name = ImageItemNode.swift; path = Nodes/ImageItemNode.swift; sourceTree = "<group>"; };
		1BE2880D1DB41A96005A0C59 /* AdvertNode.swift */ = {isa = PBXFileReference; fileEncoding = 4; lastKnownFileType = sourcecode.swift; name = AdvertNode.swift; path = Nodes/AdvertNode.swift; sourceTree = "<group>"; };
		1BE2880F1DB56DC3005A0C59 /* GuideHomeViewController.swift */ = {isa = PBXFileReference; fileEncoding = 4; lastKnownFileType = sourcecode.swift; path = GuideHomeViewController.swift; sourceTree = "<group>"; };
		1BE288111DB57078005A0C59 /* GuideBaseModel.swift */ = {isa = PBXFileReference; fileEncoding = 4; lastKnownFileType = sourcecode.swift; name = GuideBaseModel.swift; path = Models/GuideBaseModel.swift; sourceTree = "<group>"; };
		1BE288131DB570FE005A0C59 /* GuideEventDetailModel.swift */ = {isa = PBXFileReference; fileEncoding = 4; lastKnownFileType = sourcecode.swift; name = GuideEventDetailModel.swift; path = Models/GuideEventDetailModel.swift; sourceTree = "<group>"; };
		1BE288151DB5739F005A0C59 /* GuideHeaderView.swift */ = {isa = PBXFileReference; fileEncoding = 4; lastKnownFileType = sourcecode.swift; name = GuideHeaderView.swift; path = Views/GuideHeaderView.swift; sourceTree = "<group>"; };
		1BE288171DB57955005A0C59 /* GuideSummaryNode.swift */ = {isa = PBXFileReference; fileEncoding = 4; lastKnownFileType = sourcecode.swift; name = GuideSummaryNode.swift; path = Nodes/GuideSummaryNode.swift; sourceTree = "<group>"; };
		1BE288191DB5799B005A0C59 /* GuideHeaderCellNode.swift */ = {isa = PBXFileReference; fileEncoding = 4; lastKnownFileType = sourcecode.swift; name = GuideHeaderCellNode.swift; path = Nodes/GuideHeaderCellNode.swift; sourceTree = "<group>"; };
		1BE2881B1DB583DF005A0C59 /* EventCellNode.swift */ = {isa = PBXFileReference; fileEncoding = 4; lastKnownFileType = sourcecode.swift; name = EventCellNode.swift; path = Nodes/EventCellNode.swift; sourceTree = "<group>"; };
		1BE2881D1DB5853A005A0C59 /* EventSubCellNode.swift */ = {isa = PBXFileReference; fileEncoding = 4; lastKnownFileType = sourcecode.swift; name = EventSubCellNode.swift; path = Nodes/EventSubCellNode.swift; sourceTree = "<group>"; };
		1BE607EC1DB8335C0084CA9C /* CustomMapView.swift */ = {isa = PBXFileReference; fileEncoding = 4; lastKnownFileType = sourcecode.swift; name = CustomMapView.swift; path = Views/CustomMapView.swift; sourceTree = "<group>"; };
		94BCA687B6C197C62506D1DE /* Pods-Guidee.debug.xcconfig */ = {isa = PBXFileReference; includeInIndex = 1; lastKnownFileType = text.xcconfig; name = "Pods-Guidee.debug.xcconfig"; path = "Pods/Target Support Files/Pods-Guidee/Pods-Guidee.debug.xcconfig"; sourceTree = "<group>"; };
		D6B92959C20F898448EA6153 /* Pods_Guidee.framework */ = {isa = PBXFileReference; explicitFileType = wrapper.framework; includeInIndex = 0; path = Pods_Guidee.framework; sourceTree = BUILT_PRODUCTS_DIR; };
		E461466E6692B01729CB0B36 /* Pods-GuideeTests.release.xcconfig */ = {isa = PBXFileReference; includeInIndex = 1; lastKnownFileType = text.xcconfig; name = "Pods-GuideeTests.release.xcconfig"; path = "Pods/Target Support Files/Pods-GuideeTests/Pods-GuideeTests.release.xcconfig"; sourceTree = "<group>"; };
		ED61F040C8E3E8084E208ED5 /* Pods_GuideeTests.framework */ = {isa = PBXFileReference; explicitFileType = wrapper.framework; includeInIndex = 0; path = Pods_GuideeTests.framework; sourceTree = BUILT_PRODUCTS_DIR; };
		F80CDCE921E7455C6AEAA539 /* Pods-Guidee.release.xcconfig */ = {isa = PBXFileReference; includeInIndex = 1; lastKnownFileType = text.xcconfig; name = "Pods-Guidee.release.xcconfig"; path = "Pods/Target Support Files/Pods-Guidee/Pods-Guidee.release.xcconfig"; sourceTree = "<group>"; };
/* End PBXFileReference section */

/* Begin PBXFrameworksBuildPhase section */
		1BE287D01DB3A84D005A0C59 /* Frameworks */ = {
			isa = PBXFrameworksBuildPhase;
			buildActionMask = 2147483647;
			files = (
				1063E2E6E74A2CCA144E8C1E /* Pods_Guidee.framework in Frameworks */,
			);
			runOnlyForDeploymentPostprocessing = 0;
		};
		1BE287E61DB3A84D005A0C59 /* Frameworks */ = {
			isa = PBXFrameworksBuildPhase;
			buildActionMask = 2147483647;
			files = (
				F3DE0D7BFB89F40498CC2137 /* Pods_GuideeTests.framework in Frameworks */,
			);
			runOnlyForDeploymentPostprocessing = 0;
		};
/* End PBXFrameworksBuildPhase section */

/* Begin PBXGroup section */
		1BE287CA1DB3A84D005A0C59 = {
			isa = PBXGroup;
			children = (
				1BE287D51DB3A84D005A0C59 /* Guidee */,
				1BE287EC1DB3A84D005A0C59 /* GuideeTests */,
				1BE287D41DB3A84D005A0C59 /* Products */,
				C22832538394EFB16EEA4B82 /* Pods */,
				842CCF347779F0E5879A32AB /* Frameworks */,
			);
			sourceTree = "<group>";
		};
		1BE287D41DB3A84D005A0C59 /* Products */ = {
			isa = PBXGroup;
			children = (
				1BE287D31DB3A84D005A0C59 /* Guidee.app */,
				1BE287E91DB3A84D005A0C59 /* GuideeTests.xctest */,
			);
			name = Products;
			sourceTree = "<group>";
		};
		1BE287D51DB3A84D005A0C59 /* Guidee */ = {
			isa = PBXGroup;
			children = (
				1BE288081DB3DB81005A0C59 /* Models */,
				1BE287FE1DB3CE07005A0C59 /* Nodes */,
				1BE287F91DB3AFCC005A0C59 /* Views */,
				1BE287F81DB3AFBF005A0C59 /* ViewControllers */,
				1BE288011DB3D5EE005A0C59 /* Utilities */,
				1BE287D61DB3A84D005A0C59 /* AppDelegate.swift */,
				1BE287DC1DB3A84D005A0C59 /* Main.storyboard */,
				1BE287DF1DB3A84D005A0C59 /* Assets.xcassets */,
				1BE287E11DB3A84D005A0C59 /* LaunchScreen.storyboard */,
				1BE287E41DB3A84D005A0C59 /* Info.plist */,
				1B03A3FD1DC15DD2002AF1F1 /* GoogleService-Info.plist */,
			);
			path = Guidee;
			sourceTree = "<group>";
		};
		1BE287EC1DB3A84D005A0C59 /* GuideeTests */ = {
			isa = PBXGroup;
			children = (
				1BE287ED1DB3A84D005A0C59 /* GuideeTests.swift */,
				1BE287EF1DB3A84D005A0C59 /* Info.plist */,
			);
			path = GuideeTests;
			sourceTree = "<group>";
		};
		1BE287F81DB3AFBF005A0C59 /* ViewControllers */ = {
			isa = PBXGroup;
			children = (
				1BE2880F1DB56DC3005A0C59 /* GuideHomeViewController.swift */,
				1BE287D81DB3A84D005A0C59 /* ExploreViewController.swift */,
				1BE287FA1DB3B000005A0C59 /* GuideEventDetailsViewController.swift */,
				1BE287DA1DB3A84D005A0C59 /* ProfileViewController.swift */,
				1B79E11B1DCBCDF500460066 /* JourneyEditorViewController.swift */,
				1BDF50BC1DCFA0950003D566 /* EditTextViewController.swift */,
			);
			name = ViewControllers;
			sourceTree = "<group>";
		};
		1BE287F91DB3AFCC005A0C59 /* Views */ = {
			isa = PBXGroup;
			children = (
				1BE287FC1DB3B7E0005A0C59 /* GuideEventHeaderView.swift */,
				1BE288151DB5739F005A0C59 /* GuideHeaderView.swift */,
				1BBAF9E21DB7FF7D00379004 /* CircleAnnotationView.swift */,
				1BBAF9E41DB8124300379004 /* PinCalloutView.swift */,
				1BE607EC1DB8335C0084CA9C /* CustomMapView.swift */,
				1B23C9961DBA94A6004783A8 /* ExploreHeaderView.swift */,
				1BDF50BE1DCFA1C40003D566 /* EditTextHeaderView.swift */,
				1BDF50C01DCFACD50003D566 /* JourneyEditorHeaderView.swift */,
			);
			name = Views;
			sourceTree = "<group>";
		};
		1BE287FE1DB3CE07005A0C59 /* Nodes */ = {
			isa = PBXGroup;
			children = (
				1BE287FF1DB3CE2C005A0C59 /* SectionHeaderNode.swift */,
				1BE288041DB3D8BD005A0C59 /* GuideEventSummaryTextNode.swift */,
				1BE288061DB3DB60005A0C59 /* CarouselCellNode.swift */,
				1BE2880B1DB3E039005A0C59 /* ImageItemNode.swift */,
				1BE2880D1DB41A96005A0C59 /* AdvertNode.swift */,
				1BE288171DB57955005A0C59 /* GuideSummaryNode.swift */,
				1BE288191DB5799B005A0C59 /* GuideHeaderCellNode.swift */,
				1BE2881B1DB583DF005A0C59 /* EventCellNode.swift */,
				1BE2881D1DB5853A005A0C59 /* EventSubCellNode.swift */,
				1B6665111DC88A7100C13823 /* ProfileCellNode.swift */,
				1B6665131DC88FD600C13823 /* JourneyCellContainerNode.swift */,
				1B6665151DC88FF500C13823 /* JourneyCellNode.swift */,
				1B6A54C81DC8F6F10072CD83 /* FollowsContainerCell.swift */,
				1B6A54CA1DC8F7010072CD83 /* FollowCellNode.swift */,
			);
			name = Nodes;
			sourceTree = "<group>";
		};
		1BE288011DB3D5EE005A0C59 /* Utilities */ = {
			isa = PBXGroup;
			children = (
				1BE288021DB3D60D005A0C59 /* TextStyles.swift */,
				1B1EF3F81DC4A0B600CF99A4 /* DataController.swift */,
			);
			name = Utilities;
			sourceTree = "<group>";
		};
		1BE288081DB3DB81005A0C59 /* Models */ = {
			isa = PBXGroup;
			children = (
				1BE288091DB3DBA1005A0C59 /* CarouselItemModel.swift */,
				1BE288111DB57078005A0C59 /* GuideBaseModel.swift */,
				1BE288131DB570FE005A0C59 /* GuideEventDetailModel.swift */,
				1BBAF9D91DB6BFFE00379004 /* GuideAnnotation.swift */,
				1B6665171DC8A10400C13823 /* UserInfoModel.swift */,
			);
			name = Models;
			sourceTree = "<group>";
		};
		842CCF347779F0E5879A32AB /* Frameworks */ = {
			isa = PBXGroup;
			children = (
				D6B92959C20F898448EA6153 /* Pods_Guidee.framework */,
				ED61F040C8E3E8084E208ED5 /* Pods_GuideeTests.framework */,
			);
			name = Frameworks;
			sourceTree = "<group>";
		};
		C22832538394EFB16EEA4B82 /* Pods */ = {
			isa = PBXGroup;
			children = (
				94BCA687B6C197C62506D1DE /* Pods-Guidee.debug.xcconfig */,
				F80CDCE921E7455C6AEAA539 /* Pods-Guidee.release.xcconfig */,
				0890909C25DA96DB5120F155 /* Pods-GuideeTests.debug.xcconfig */,
				E461466E6692B01729CB0B36 /* Pods-GuideeTests.release.xcconfig */,
			);
			name = Pods;
			sourceTree = "<group>";
		};
/* End PBXGroup section */

/* Begin PBXNativeTarget section */
		1BE287D21DB3A84D005A0C59 /* Guidee */ = {
			isa = PBXNativeTarget;
			buildConfigurationList = 1BE287F21DB3A84D005A0C59 /* Build configuration list for PBXNativeTarget "Guidee" */;
			buildPhases = (
				2EA0ECDEEC21A25A5DF72E4D /* [CP] Check Pods Manifest.lock */,
				1BE287CF1DB3A84D005A0C59 /* Sources */,
				1BE287D01DB3A84D005A0C59 /* Frameworks */,
				1BE287D11DB3A84D005A0C59 /* Resources */,
				64CA93F3F7A865920AA90A04 /* [CP] Embed Pods Frameworks */,
				ADCEAF8CA8B392541B791322 /* [CP] Copy Pods Resources */,
			);
			buildRules = (
			);
			dependencies = (
			);
			name = Guidee;
			productName = Guidee;
			productReference = 1BE287D31DB3A84D005A0C59 /* Guidee.app */;
			productType = "com.apple.product-type.application";
		};
		1BE287E81DB3A84D005A0C59 /* GuideeTests */ = {
			isa = PBXNativeTarget;
			buildConfigurationList = 1BE287F51DB3A84D005A0C59 /* Build configuration list for PBXNativeTarget "GuideeTests" */;
			buildPhases = (
				12F876C3A82DBD09651774B9 /* [CP] Check Pods Manifest.lock */,
				1BE287E51DB3A84D005A0C59 /* Sources */,
				1BE287E61DB3A84D005A0C59 /* Frameworks */,
				1BE287E71DB3A84D005A0C59 /* Resources */,
				D01B6B99784493B4C6EB5C8C /* [CP] Embed Pods Frameworks */,
				7AF3A805A09C9668D613595F /* [CP] Copy Pods Resources */,
			);
			buildRules = (
			);
			dependencies = (
				1BE287EB1DB3A84D005A0C59 /* PBXTargetDependency */,
			);
			name = GuideeTests;
			productName = GuideeTests;
			productReference = 1BE287E91DB3A84D005A0C59 /* GuideeTests.xctest */;
			productType = "com.apple.product-type.bundle.unit-test";
		};
/* End PBXNativeTarget section */

/* Begin PBXProject section */
		1BE287CB1DB3A84D005A0C59 /* Project object */ = {
			isa = PBXProject;
			attributes = {
				LastSwiftUpdateCheck = 0800;
				LastUpgradeCheck = 0800;
				ORGANIZATIONNAME = hu;
				TargetAttributes = {
					1BE287D21DB3A84D005A0C59 = {
						CreatedOnToolsVersion = 8.0;
						DevelopmentTeam = G7DBMPM3W7;
						ProvisioningStyle = Automatic;
					};
					1BE287E81DB3A84D005A0C59 = {
						CreatedOnToolsVersion = 8.0;
						DevelopmentTeam = G7DBMPM3W7;
						ProvisioningStyle = Automatic;
						TestTargetID = 1BE287D21DB3A84D005A0C59;
					};
				};
			};
			buildConfigurationList = 1BE287CE1DB3A84D005A0C59 /* Build configuration list for PBXProject "Guidee" */;
			compatibilityVersion = "Xcode 3.2";
			developmentRegion = English;
			hasScannedForEncodings = 0;
			knownRegions = (
				en,
				Base,
			);
			mainGroup = 1BE287CA1DB3A84D005A0C59;
			productRefGroup = 1BE287D41DB3A84D005A0C59 /* Products */;
			projectDirPath = "";
			projectRoot = "";
			targets = (
				1BE287D21DB3A84D005A0C59 /* Guidee */,
				1BE287E81DB3A84D005A0C59 /* GuideeTests */,
			);
		};
/* End PBXProject section */

/* Begin PBXResourcesBuildPhase section */
		1BE287D11DB3A84D005A0C59 /* Resources */ = {
			isa = PBXResourcesBuildPhase;
			buildActionMask = 2147483647;
			files = (
				1BE287E31DB3A84D005A0C59 /* LaunchScreen.storyboard in Resources */,
				1B03A3FE1DC15DD2002AF1F1 /* GoogleService-Info.plist in Resources */,
				1BE287E01DB3A84D005A0C59 /* Assets.xcassets in Resources */,
				1BE287DE1DB3A84D005A0C59 /* Main.storyboard in Resources */,
			);
			runOnlyForDeploymentPostprocessing = 0;
		};
		1BE287E71DB3A84D005A0C59 /* Resources */ = {
			isa = PBXResourcesBuildPhase;
			buildActionMask = 2147483647;
			files = (
			);
			runOnlyForDeploymentPostprocessing = 0;
		};
/* End PBXResourcesBuildPhase section */

/* Begin PBXShellScriptBuildPhase section */
		12F876C3A82DBD09651774B9 /* [CP] Check Pods Manifest.lock */ = {
			isa = PBXShellScriptBuildPhase;
			buildActionMask = 2147483647;
			files = (
			);
			inputPaths = (
			);
			name = "[CP] Check Pods Manifest.lock";
			outputPaths = (
			);
			runOnlyForDeploymentPostprocessing = 0;
			shellPath = /bin/sh;
			shellScript = "diff \"${PODS_ROOT}/../Podfile.lock\" \"${PODS_ROOT}/Manifest.lock\" > /dev/null\nif [[ $? != 0 ]] ; then\n    cat << EOM\nerror: The sandbox is not in sync with the Podfile.lock. Run 'pod install' or update your CocoaPods installation.\nEOM\n    exit 1\nfi\n";
			showEnvVarsInLog = 0;
		};
		2EA0ECDEEC21A25A5DF72E4D /* [CP] Check Pods Manifest.lock */ = {
			isa = PBXShellScriptBuildPhase;
			buildActionMask = 2147483647;
			files = (
			);
			inputPaths = (
			);
			name = "[CP] Check Pods Manifest.lock";
			outputPaths = (
			);
			runOnlyForDeploymentPostprocessing = 0;
			shellPath = /bin/sh;
			shellScript = "diff \"${PODS_ROOT}/../Podfile.lock\" \"${PODS_ROOT}/Manifest.lock\" > /dev/null\nif [[ $? != 0 ]] ; then\n    cat << EOM\nerror: The sandbox is not in sync with the Podfile.lock. Run 'pod install' or update your CocoaPods installation.\nEOM\n    exit 1\nfi\n";
			showEnvVarsInLog = 0;
		};
		64CA93F3F7A865920AA90A04 /* [CP] Embed Pods Frameworks */ = {
			isa = PBXShellScriptBuildPhase;
			buildActionMask = 2147483647;
			files = (
			);
			inputPaths = (
			);
			name = "[CP] Embed Pods Frameworks";
			outputPaths = (
			);
			runOnlyForDeploymentPostprocessing = 0;
			shellPath = /bin/sh;
			shellScript = "\"${SRCROOT}/Pods/Target Support Files/Pods-Guidee/Pods-Guidee-frameworks.sh\"\n";
			showEnvVarsInLog = 0;
		};
		7AF3A805A09C9668D613595F /* [CP] Copy Pods Resources */ = {
			isa = PBXShellScriptBuildPhase;
			buildActionMask = 2147483647;
			files = (
			);
			inputPaths = (
			);
			name = "[CP] Copy Pods Resources";
			outputPaths = (
			);
			runOnlyForDeploymentPostprocessing = 0;
			shellPath = /bin/sh;
			shellScript = "\"${SRCROOT}/Pods/Target Support Files/Pods-GuideeTests/Pods-GuideeTests-resources.sh\"\n";
			showEnvVarsInLog = 0;
		};
		ADCEAF8CA8B392541B791322 /* [CP] Copy Pods Resources */ = {
			isa = PBXShellScriptBuildPhase;
			buildActionMask = 2147483647;
			files = (
			);
			inputPaths = (
			);
			name = "[CP] Copy Pods Resources";
			outputPaths = (
			);
			runOnlyForDeploymentPostprocessing = 0;
			shellPath = /bin/sh;
			shellScript = "\"${SRCROOT}/Pods/Target Support Files/Pods-Guidee/Pods-Guidee-resources.sh\"\n";
			showEnvVarsInLog = 0;
		};
		D01B6B99784493B4C6EB5C8C /* [CP] Embed Pods Frameworks */ = {
			isa = PBXShellScriptBuildPhase;
			buildActionMask = 2147483647;
			files = (
			);
			inputPaths = (
			);
			name = "[CP] Embed Pods Frameworks";
			outputPaths = (
			);
			runOnlyForDeploymentPostprocessing = 0;
			shellPath = /bin/sh;
			shellScript = "\"${SRCROOT}/Pods/Target Support Files/Pods-GuideeTests/Pods-GuideeTests-frameworks.sh\"\n";
			showEnvVarsInLog = 0;
		};
/* End PBXShellScriptBuildPhase section */

/* Begin PBXSourcesBuildPhase section */
		1BE287CF1DB3A84D005A0C59 /* Sources */ = {
			isa = PBXSourcesBuildPhase;
			buildActionMask = 2147483647;
			files = (
				1B6665121DC88A7100C13823 /* ProfileCellNode.swift in Sources */,
				1BBAF9DA1DB6BFFE00379004 /* GuideAnnotation.swift in Sources */,
				1BE287FB1DB3B000005A0C59 /* GuideEventDetailsViewController.swift in Sources */,
				1BE2880C1DB3E039005A0C59 /* ImageItemNode.swift in Sources */,
				1B6665161DC88FF500C13823 /* JourneyCellNode.swift in Sources */,
				1BE288181DB57955005A0C59 /* GuideSummaryNode.swift in Sources */,
				1BE2881E1DB5853A005A0C59 /* EventSubCellNode.swift in Sources */,
				1B79E11C1DCBCDF500460066 /* JourneyEditorViewController.swift in Sources */,
				1BBAF9E31DB7FF7D00379004 /* CircleAnnotationView.swift in Sources */,
				1B6A54CB1DC8F7010072CD83 /* FollowCellNode.swift in Sources */,
				1BE288161DB5739F005A0C59 /* GuideHeaderView.swift in Sources */,
				1BE287DB1DB3A84D005A0C59 /* ProfileViewController.swift in Sources */,
				1B23C9971DBA94A6004783A8 /* ExploreHeaderView.swift in Sources */,
				1BE288141DB570FE005A0C59 /* GuideEventDetailModel.swift in Sources */,
				1BE287D71DB3A84D005A0C59 /* AppDelegate.swift in Sources */,
				1BDF50C11DCFACD50003D566 /* JourneyEditorHeaderView.swift in Sources */,
				1B1EF3F91DC4A0B600CF99A4 /* DataController.swift in Sources */,
				1BE288051DB3D8BD005A0C59 /* GuideEventSummaryTextNode.swift in Sources */,
				1BDF50BF1DCFA1C40003D566 /* EditTextHeaderView.swift in Sources */,
				1BE288101DB56DC3005A0C59 /* GuideHomeViewController.swift in Sources */,
				1BE2880A1DB3DBA1005A0C59 /* CarouselItemModel.swift in Sources */,
				1BDF50BD1DCFA0950003D566 /* EditTextViewController.swift in Sources */,
				1BE288031DB3D60D005A0C59 /* TextStyles.swift in Sources */,
				1BE2880E1DB41A96005A0C59 /* AdvertNode.swift in Sources */,
				1BE288071DB3DB60005A0C59 /* CarouselCellNode.swift in Sources */,
				1BE287D91DB3A84D005A0C59 /* ExploreViewController.swift in Sources */,
				1BE288001DB3CE2C005A0C59 /* SectionHeaderNode.swift in Sources */,
				1BE607ED1DB8335C0084CA9C /* CustomMapView.swift in Sources */,
				1BE2881A1DB5799B005A0C59 /* GuideHeaderCellNode.swift in Sources */,
				1B6665181DC8A10400C13823 /* UserInfoModel.swift in Sources */,
				1BE2881C1DB583E0005A0C59 /* EventCellNode.swift in Sources */,
				1B6A54C91DC8F6F10072CD83 /* FollowsContainerCell.swift in Sources */,
				1BE287FD1DB3B7E0005A0C59 /* GuideEventHeaderView.swift in Sources */,
				1BBAF9E51DB8124300379004 /* PinCalloutView.swift in Sources */,
				1B6665141DC88FD600C13823 /* JourneyCellContainerNode.swift in Sources */,
				1BE288121DB57078005A0C59 /* GuideBaseModel.swift in Sources */,
			);
			runOnlyForDeploymentPostprocessing = 0;
		};
		1BE287E51DB3A84D005A0C59 /* Sources */ = {
			isa = PBXSourcesBuildPhase;
			buildActionMask = 2147483647;
			files = (
				1BE287EE1DB3A84D005A0C59 /* GuideeTests.swift in Sources */,
			);
			runOnlyForDeploymentPostprocessing = 0;
		};
/* End PBXSourcesBuildPhase section */

/* Begin PBXTargetDependency section */
		1BE287EB1DB3A84D005A0C59 /* PBXTargetDependency */ = {
			isa = PBXTargetDependency;
			target = 1BE287D21DB3A84D005A0C59 /* Guidee */;
			targetProxy = 1BE287EA1DB3A84D005A0C59 /* PBXContainerItemProxy */;
		};
/* End PBXTargetDependency section */

/* Begin PBXVariantGroup section */
		1BE287DC1DB3A84D005A0C59 /* Main.storyboard */ = {
			isa = PBXVariantGroup;
			children = (
				1BE287DD1DB3A84D005A0C59 /* Base */,
			);
			name = Main.storyboard;
			sourceTree = "<group>";
		};
		1BE287E11DB3A84D005A0C59 /* LaunchScreen.storyboard */ = {
			isa = PBXVariantGroup;
			children = (
				1BE287E21DB3A84D005A0C59 /* Base */,
			);
			name = LaunchScreen.storyboard;
			sourceTree = "<group>";
		};
/* End PBXVariantGroup section */

/* Begin XCBuildConfiguration section */
		1BE287F01DB3A84D005A0C59 /* Debug */ = {
			isa = XCBuildConfiguration;
			buildSettings = {
				ALWAYS_SEARCH_USER_PATHS = NO;
				CLANG_ANALYZER_NONNULL = YES;
				CLANG_CXX_LANGUAGE_STANDARD = "gnu++0x";
				CLANG_CXX_LIBRARY = "libc++";
				CLANG_ENABLE_MODULES = YES;
				CLANG_ENABLE_OBJC_ARC = YES;
				CLANG_WARN_BOOL_CONVERSION = YES;
				CLANG_WARN_CONSTANT_CONVERSION = YES;
				CLANG_WARN_DIRECT_OBJC_ISA_USAGE = YES_ERROR;
				CLANG_WARN_DOCUMENTATION_COMMENTS = YES;
				CLANG_WARN_EMPTY_BODY = YES;
				CLANG_WARN_ENUM_CONVERSION = YES;
				CLANG_WARN_INFINITE_RECURSION = YES;
				CLANG_WARN_INT_CONVERSION = YES;
				CLANG_WARN_OBJC_ROOT_CLASS = YES_ERROR;
				CLANG_WARN_SUSPICIOUS_MOVES = YES;
				CLANG_WARN_UNREACHABLE_CODE = YES;
				CLANG_WARN__DUPLICATE_METHOD_MATCH = YES;
				"CODE_SIGN_IDENTITY[sdk=iphoneos*]" = "iPhone Developer";
				COPY_PHASE_STRIP = NO;
				DEBUG_INFORMATION_FORMAT = dwarf;
				ENABLE_STRICT_OBJC_MSGSEND = YES;
				ENABLE_TESTABILITY = YES;
				GCC_C_LANGUAGE_STANDARD = gnu99;
				GCC_DYNAMIC_NO_PIC = NO;
				GCC_NO_COMMON_BLOCKS = YES;
				GCC_OPTIMIZATION_LEVEL = 0;
				GCC_PREPROCESSOR_DEFINITIONS = (
					"DEBUG=1",
					"$(inherited)",
				);
				GCC_WARN_64_TO_32_BIT_CONVERSION = YES;
				GCC_WARN_ABOUT_RETURN_TYPE = YES_ERROR;
				GCC_WARN_UNDECLARED_SELECTOR = YES;
				GCC_WARN_UNINITIALIZED_AUTOS = YES_AGGRESSIVE;
				GCC_WARN_UNUSED_FUNCTION = YES;
				GCC_WARN_UNUSED_VARIABLE = YES;
				IPHONEOS_DEPLOYMENT_TARGET = 10.0;
				MTL_ENABLE_DEBUG_INFO = YES;
				ONLY_ACTIVE_ARCH = YES;
				SDKROOT = iphoneos;
				SWIFT_ACTIVE_COMPILATION_CONDITIONS = DEBUG;
				SWIFT_OPTIMIZATION_LEVEL = "-Onone";
				TARGETED_DEVICE_FAMILY = "1,2";
			};
			name = Debug;
		};
		1BE287F11DB3A84D005A0C59 /* Release */ = {
			isa = XCBuildConfiguration;
			buildSettings = {
				ALWAYS_SEARCH_USER_PATHS = NO;
				CLANG_ANALYZER_NONNULL = YES;
				CLANG_CXX_LANGUAGE_STANDARD = "gnu++0x";
				CLANG_CXX_LIBRARY = "libc++";
				CLANG_ENABLE_MODULES = YES;
				CLANG_ENABLE_OBJC_ARC = YES;
				CLANG_WARN_BOOL_CONVERSION = YES;
				CLANG_WARN_CONSTANT_CONVERSION = YES;
				CLANG_WARN_DIRECT_OBJC_ISA_USAGE = YES_ERROR;
				CLANG_WARN_DOCUMENTATION_COMMENTS = YES;
				CLANG_WARN_EMPTY_BODY = YES;
				CLANG_WARN_ENUM_CONVERSION = YES;
				CLANG_WARN_INFINITE_RECURSION = YES;
				CLANG_WARN_INT_CONVERSION = YES;
				CLANG_WARN_OBJC_ROOT_CLASS = YES_ERROR;
				CLANG_WARN_SUSPICIOUS_MOVES = YES;
				CLANG_WARN_UNREACHABLE_CODE = YES;
				CLANG_WARN__DUPLICATE_METHOD_MATCH = YES;
				"CODE_SIGN_IDENTITY[sdk=iphoneos*]" = "iPhone Developer";
				COPY_PHASE_STRIP = NO;
				DEBUG_INFORMATION_FORMAT = "dwarf-with-dsym";
				ENABLE_NS_ASSERTIONS = NO;
				ENABLE_STRICT_OBJC_MSGSEND = YES;
				GCC_C_LANGUAGE_STANDARD = gnu99;
				GCC_NO_COMMON_BLOCKS = YES;
				GCC_WARN_64_TO_32_BIT_CONVERSION = YES;
				GCC_WARN_ABOUT_RETURN_TYPE = YES_ERROR;
				GCC_WARN_UNDECLARED_SELECTOR = YES;
				GCC_WARN_UNINITIALIZED_AUTOS = YES_AGGRESSIVE;
				GCC_WARN_UNUSED_FUNCTION = YES;
				GCC_WARN_UNUSED_VARIABLE = YES;
				IPHONEOS_DEPLOYMENT_TARGET = 10.0;
				MTL_ENABLE_DEBUG_INFO = NO;
				SDKROOT = iphoneos;
				SWIFT_OPTIMIZATION_LEVEL = "-Owholemodule";
				TARGETED_DEVICE_FAMILY = "1,2";
				VALIDATE_PRODUCT = YES;
			};
			name = Release;
		};
		1BE287F31DB3A84D005A0C59 /* Debug */ = {
			isa = XCBuildConfiguration;
			baseConfigurationReference = 94BCA687B6C197C62506D1DE /* Pods-Guidee.debug.xcconfig */;
			buildSettings = {
				ASSETCATALOG_COMPILER_APPICON_NAME = AppIcon;
				DEVELOPMENT_TEAM = G7DBMPM3W7;
				INFOPLIST_FILE = Guidee/Info.plist;
				IPHONEOS_DEPLOYMENT_TARGET = 10.0;
				LD_RUNPATH_SEARCH_PATHS = "$(inherited) @executable_path/Frameworks";
				PRODUCT_BUNDLE_IDENTIFIER = Zsombor.Fuszenecker.Guidee;
				PRODUCT_NAME = "$(TARGET_NAME)";
				SWIFT_VERSION = 3.0;
			};
			name = Debug;
		};
		1BE287F41DB3A84D005A0C59 /* Release */ = {
			isa = XCBuildConfiguration;
			baseConfigurationReference = F80CDCE921E7455C6AEAA539 /* Pods-Guidee.release.xcconfig */;
			buildSettings = {
				ASSETCATALOG_COMPILER_APPICON_NAME = AppIcon;
				DEVELOPMENT_TEAM = G7DBMPM3W7;
				INFOPLIST_FILE = Guidee/Info.plist;
				IPHONEOS_DEPLOYMENT_TARGET = 10.0;
				LD_RUNPATH_SEARCH_PATHS = "$(inherited) @executable_path/Frameworks";
				PRODUCT_BUNDLE_IDENTIFIER = Zsombor.Fuszenecker.Guidee;
				PRODUCT_NAME = "$(TARGET_NAME)";
				SWIFT_VERSION = 3.0;
			};
			name = Release;
		};
		1BE287F61DB3A84D005A0C59 /* Debug */ = {
			isa = XCBuildConfiguration;
			baseConfigurationReference = 0890909C25DA96DB5120F155 /* Pods-GuideeTests.debug.xcconfig */;
			buildSettings = {
				ALWAYS_EMBED_SWIFT_STANDARD_LIBRARIES = YES;
				BUNDLE_LOADER = "$(TEST_HOST)";
				DEVELOPMENT_TEAM = G7DBMPM3W7;
				INFOPLIST_FILE = GuideeTests/Info.plist;
				LD_RUNPATH_SEARCH_PATHS = "$(inherited) @executable_path/Frameworks @loader_path/Frameworks";
				PRODUCT_BUNDLE_IDENTIFIER = Zsombor.Fuszenecker.GuideeTests;
				PRODUCT_NAME = "$(TARGET_NAME)";
				SWIFT_VERSION = 3.0;
				TEST_HOST = "$(BUILT_PRODUCTS_DIR)/Guidee.app/Guidee";
			};
			name = Debug;
		};
		1BE287F71DB3A84D005A0C59 /* Release */ = {
			isa = XCBuildConfiguration;
			baseConfigurationReference = E461466E6692B01729CB0B36 /* Pods-GuideeTests.release.xcconfig */;
			buildSettings = {
				ALWAYS_EMBED_SWIFT_STANDARD_LIBRARIES = YES;
				BUNDLE_LOADER = "$(TEST_HOST)";
				DEVELOPMENT_TEAM = G7DBMPM3W7;
				INFOPLIST_FILE = GuideeTests/Info.plist;
				LD_RUNPATH_SEARCH_PATHS = "$(inherited) @executable_path/Frameworks @loader_path/Frameworks";
				PRODUCT_BUNDLE_IDENTIFIER = Zsombor.Fuszenecker.GuideeTests;
				PRODUCT_NAME = "$(TARGET_NAME)";
				SWIFT_VERSION = 3.0;
				TEST_HOST = "$(BUILT_PRODUCTS_DIR)/Guidee.app/Guidee";
			};
			name = Release;
		};
/* End XCBuildConfiguration section */

/* Begin XCConfigurationList section */
		1BE287CE1DB3A84D005A0C59 /* Build configuration list for PBXProject "Guidee" */ = {
			isa = XCConfigurationList;
			buildConfigurations = (
				1BE287F01DB3A84D005A0C59 /* Debug */,
				1BE287F11DB3A84D005A0C59 /* Release */,
			);
			defaultConfigurationIsVisible = 0;
			defaultConfigurationName = Release;
		};
		1BE287F21DB3A84D005A0C59 /* Build configuration list for PBXNativeTarget "Guidee" */ = {
			isa = XCConfigurationList;
			buildConfigurations = (
				1BE287F31DB3A84D005A0C59 /* Debug */,
				1BE287F41DB3A84D005A0C59 /* Release */,
			);
			defaultConfigurationIsVisible = 0;
			defaultConfigurationName = Release;
		};
		1BE287F51DB3A84D005A0C59 /* Build configuration list for PBXNativeTarget "GuideeTests" */ = {
			isa = XCConfigurationList;
			buildConfigurations = (
				1BE287F61DB3A84D005A0C59 /* Debug */,
				1BE287F71DB3A84D005A0C59 /* Release */,
			);
			defaultConfigurationIsVisible = 0;
			defaultConfigurationName = Release;
		};
/* End XCConfigurationList section */
	};
	rootObject = 1BE287CB1DB3A84D005A0C59 /* Project object */;
}
